// !$*UTF8*$!
{
	archiveVersion = 1;
	classes = {
	};
	objectVersion = 46;
	objects = {

/* Begin PBXBuildFile section */
		324BAC7917AA35A500E817BA /* QuartzCore.framework in Frameworks */ = {isa = PBXBuildFile; fileRef = 324BAC7817AA35A500E817BA /* QuartzCore.framework */; };
		324BAC9817AB385800E817BA /* Tools.m in Sources */ = {isa = PBXBuildFile; fileRef = 324BAC9717AB385700E817BA /* Tools.m */; };
		32DD77CC17A7570F0019B499 /* UIKit.framework in Frameworks */ = {isa = PBXBuildFile; fileRef = 32DD77CB17A7570F0019B499 /* UIKit.framework */; };
		32DD77CE17A7570F0019B499 /* Foundation.framework in Frameworks */ = {isa = PBXBuildFile; fileRef = 32DD77CD17A7570F0019B499 /* Foundation.framework */; };
		32DD77D017A7570F0019B499 /* CoreGraphics.framework in Frameworks */ = {isa = PBXBuildFile; fileRef = 32DD77CF17A7570F0019B499 /* CoreGraphics.framework */; };
		32DD77D217A7570F0019B499 /* CoreData.framework in Frameworks */ = {isa = PBXBuildFile; fileRef = 32DD77D117A7570F0019B499 /* CoreData.framework */; };
		32DD77D817A7570F0019B499 /* InfoPlist.strings in Resources */ = {isa = PBXBuildFile; fileRef = 32DD77D617A7570F0019B499 /* InfoPlist.strings */; };
		32DD77DA17A7570F0019B499 /* main.m in Sources */ = {isa = PBXBuildFile; fileRef = 32DD77D917A7570F0019B499 /* main.m */; };
		32DD77DE17A7570F0019B499 /* TCAppDelegate.m in Sources */ = {isa = PBXBuildFile; fileRef = 32DD77DD17A7570F0019B499 /* TCAppDelegate.m */; };
		32DD77E717A7570F0019B499 /* TCListSoft.xcdatamodeld in Sources */ = {isa = PBXBuildFile; fileRef = 32DD77E517A7570F0019B499 /* TCListSoft.xcdatamodeld */; };
		32DD77FF17A767140019B499 /* TCDataStore.m in Sources */ = {isa = PBXBuildFile; fileRef = 32DD77FE17A767140019B499 /* TCDataStore.m */; };
		32DD780A17A7676F0019B499 /* TCItem.m in Sources */ = {isa = PBXBuildFile; fileRef = 32DD780117A7676F0019B499 /* TCItem.m */; };
		32DD780B17A7676F0019B499 /* TCItemCategory.m in Sources */ = {isa = PBXBuildFile; fileRef = 32DD780317A7676F0019B499 /* TCItemCategory.m */; };
		32DD780C17A7676F0019B499 /* TCItemProperty.m in Sources */ = {isa = PBXBuildFile; fileRef = 32DD780517A7676F0019B499 /* TCItemProperty.m */; };
		32DD780D17A7676F0019B499 /* TCList.m in Sources */ = {isa = PBXBuildFile; fileRef = 32DD780717A7676F0019B499 /* TCList.m */; };
		32DD780E17A7676F0019B499 /* TCListCategory.m in Sources */ = {isa = PBXBuildFile; fileRef = 32DD780917A7676F0019B499 /* TCListCategory.m */; };
		8482004617B7CEB5009DCD45 /* arches.png in Resources */ = {isa = PBXBuildFile; fileRef = 8482003D17B7CEB5009DCD45 /* arches.png */; };
		8482004717B7CEB5009DCD45 /* arches@2x.png in Resources */ = {isa = PBXBuildFile; fileRef = 8482003E17B7CEB5009DCD45 /* arches@2x.png */; };
		8482004817B7CEB5009DCD45 /* reveal_menu_icon_landscape.png in Resources */ = {isa = PBXBuildFile; fileRef = 8482003F17B7CEB5009DCD45 /* reveal_menu_icon_landscape.png */; };
		8482004917B7CEB5009DCD45 /* reveal_menu_icon_landscape@2x.png in Resources */ = {isa = PBXBuildFile; fileRef = 8482004017B7CEB5009DCD45 /* reveal_menu_icon_landscape@2x.png */; };
		8482004A17B7CEB5009DCD45 /* star.jpg in Resources */ = {isa = PBXBuildFile; fileRef = 8482004117B7CEB5009DCD45 /* star.jpg */; };
		8482004B17B7CEB5009DCD45 /* textfield-focused.png in Resources */ = {isa = PBXBuildFile; fileRef = 8482004217B7CEB5009DCD45 /* textfield-focused.png */; };
		8482004C17B7CEB5009DCD45 /* textfield-focused@2x.png in Resources */ = {isa = PBXBuildFile; fileRef = 8482004317B7CEB5009DCD45 /* textfield-focused@2x.png */; };
		8482004D17B7CEB5009DCD45 /* x.png in Resources */ = {isa = PBXBuildFile; fileRef = 8482004417B7CEB5009DCD45 /* x.png */; };
		8482004E17B7CEB5009DCD45 /* x@2x.png in Resources */ = {isa = PBXBuildFile; fileRef = 8482004517B7CEB5009DCD45 /* x@2x.png */; };
		8482005917B7CFFE009DCD45 /* TCAddItemPropertyCell.m in Sources */ = {isa = PBXBuildFile; fileRef = 8482005117B7CFFE009DCD45 /* TCAddItemPropertyCell.m */; };
		8482005A17B7CFFE009DCD45 /* TCAddListCell.m in Sources */ = {isa = PBXBuildFile; fileRef = 8482005317B7CFFE009DCD45 /* TCAddListCell.m */; };
		8482005B17B7CFFE009DCD45 /* TCAddListCell.xib in Resources */ = {isa = PBXBuildFile; fileRef = 8482005417B7CFFE009DCD45 /* TCAddListCell.xib */; };
		8482005C17B7CFFE009DCD45 /* TCCell.m in Sources */ = {isa = PBXBuildFile; fileRef = 8482005617B7CFFE009DCD45 /* TCCell.m */; };
		8482005D17B7CFFE009DCD45 /* TCItemPropertyCell.m in Sources */ = {isa = PBXBuildFile; fileRef = 8482005817B7CFFE009DCD45 /* TCItemPropertyCell.m */; };
		8482007217B7D272009DCD45 /* TCAddListViewController.m in Sources */ = {isa = PBXBuildFile; fileRef = 8482006017B7D272009DCD45 /* TCAddListViewController.m */; };
		8482007417B7D272009DCD45 /* TCEditListViewControler.m in Sources */ = {isa = PBXBuildFile; fileRef = 8482006317B7D272009DCD45 /* TCEditListViewControler.m */; };
		8482007517B7D272009DCD45 /* TCItemsViewController.m in Sources */ = {isa = PBXBuildFile; fileRef = 8482006517B7D272009DCD45 /* TCItemsViewController.m */; };
		8482007617B7D272009DCD45 /* TCItemViewController.m in Sources */ = {isa = PBXBuildFile; fileRef = 8482006717B7D272009DCD45 /* TCItemViewController.m */; };
		8482007717B7D272009DCD45 /* TCListCategoryViewController.m in Sources */ = {isa = PBXBuildFile; fileRef = 8482006917B7D272009DCD45 /* TCListCategoryViewController.m */; };
		8482007817B7D272009DCD45 /* TCListCategoryViewController.xib in Resources */ = {isa = PBXBuildFile; fileRef = 8482006A17B7D272009DCD45 /* TCListCategoryViewController.xib */; };
		8482007917B7D272009DCD45 /* TCListViewController.m in Sources */ = {isa = PBXBuildFile; fileRef = 8482006C17B7D272009DCD45 /* TCListViewController.m */; };
		8482007A17B7D272009DCD45 /* TCSettingsViewController.m in Sources */ = {isa = PBXBuildFile; fileRef = 8482006E17B7D272009DCD45 /* TCSettingsViewController.m */; };
		8482007B17B7D272009DCD45 /* TCSettingsViewController.xib in Resources */ = {isa = PBXBuildFile; fileRef = 8482006F17B7D272009DCD45 /* TCSettingsViewController.xib */; };
		8482007C17B7D272009DCD45 /* TCTableViewController.m in Sources */ = {isa = PBXBuildFile; fileRef = 8482007117B7D272009DCD45 /* TCTableViewController.m */; };
		8482008517B7D396009DCD45 /* PKRevealController.m in Sources */ = {isa = PBXBuildFile; fileRef = 8482008017B7D396009DCD45 /* PKRevealController.m */; };
		8482008617B7D396009DCD45 /* PKRevealControllerContainerView.m in Sources */ = {isa = PBXBuildFile; fileRef = 8482008217B7D396009DCD45 /* PKRevealControllerContainerView.m */; };
		8482008717B7D396009DCD45 /* UIViewController+PKRevealController.m in Sources */ = {isa = PBXBuildFile; fileRef = 8482008417B7D396009DCD45 /* UIViewController+PKRevealController.m */; };
		8482008A17B7D561009DCD45 /* UIScrollView+SSToolkitAdditions.m in Sources */ = {isa = PBXBuildFile; fileRef = 8482008917B7D561009DCD45 /* UIScrollView+SSToolkitAdditions.m */; };
		84FBC99F17B0A20C00A7B8D3 /* Default.png in Resources */ = {isa = PBXBuildFile; fileRef = 84FBC99E17B0A20C00A7B8D3 /* Default.png */; };
		84FBC9A117B0A21B00A7B8D3 /* Default@2x.png in Resources */ = {isa = PBXBuildFile; fileRef = 84FBC9A017B0A21B00A7B8D3 /* Default@2x.png */; };
		84FBC9A317B0A22800A7B8D3 /* Default-568h@2x.png in Resources */ = {isa = PBXBuildFile; fileRef = 84FBC9A217B0A22800A7B8D3 /* Default-568h@2x.png */; };
		84FBC9A517B0A23000A7B8D3 /* 460.jpg in Resources */ = {isa = PBXBuildFile; fileRef = 84FBC9A417B0A23000A7B8D3 /* 460.jpg */; };
/* End PBXBuildFile section */

/* Begin PBXFileReference section */
		324BAC7817AA35A500E817BA /* QuartzCore.framework */ = {isa = PBXFileReference; lastKnownFileType = wrapper.framework; name = QuartzCore.framework; path = System/Library/Frameworks/QuartzCore.framework; sourceTree = SDKROOT; };
		324BAC9617AB385700E817BA /* Tools.h */ = {isa = PBXFileReference; fileEncoding = 4; lastKnownFileType = sourcecode.c.h; name = Tools.h; path = ../Tools.h; sourceTree = "<group>"; };
		324BAC9717AB385700E817BA /* Tools.m */ = {isa = PBXFileReference; fileEncoding = 4; lastKnownFileType = sourcecode.c.objc; name = Tools.m; path = ../Tools.m; sourceTree = "<group>"; };
		32DD77C817A7570F0019B499 /* TCListSoft.app */ = {isa = PBXFileReference; explicitFileType = wrapper.application; includeInIndex = 0; path = TCListSoft.app; sourceTree = BUILT_PRODUCTS_DIR; };
		32DD77CB17A7570F0019B499 /* UIKit.framework */ = {isa = PBXFileReference; lastKnownFileType = wrapper.framework; name = UIKit.framework; path = System/Library/Frameworks/UIKit.framework; sourceTree = SDKROOT; };
		32DD77CD17A7570F0019B499 /* Foundation.framework */ = {isa = PBXFileReference; lastKnownFileType = wrapper.framework; name = Foundation.framework; path = System/Library/Frameworks/Foundation.framework; sourceTree = SDKROOT; };
		32DD77CF17A7570F0019B499 /* CoreGraphics.framework */ = {isa = PBXFileReference; lastKnownFileType = wrapper.framework; name = CoreGraphics.framework; path = System/Library/Frameworks/CoreGraphics.framework; sourceTree = SDKROOT; };
		32DD77D117A7570F0019B499 /* CoreData.framework */ = {isa = PBXFileReference; lastKnownFileType = wrapper.framework; name = CoreData.framework; path = System/Library/Frameworks/CoreData.framework; sourceTree = SDKROOT; };
		32DD77D517A7570F0019B499 /* TCListSoft-Info.plist */ = {isa = PBXFileReference; lastKnownFileType = text.plist.xml; path = "TCListSoft-Info.plist"; sourceTree = "<group>"; };
		32DD77D717A7570F0019B499 /* en */ = {isa = PBXFileReference; lastKnownFileType = text.plist.strings; name = en; path = en.lproj/InfoPlist.strings; sourceTree = "<group>"; };
		32DD77D917A7570F0019B499 /* main.m */ = {isa = PBXFileReference; lastKnownFileType = sourcecode.c.objc; path = main.m; sourceTree = "<group>"; };
		32DD77DB17A7570F0019B499 /* TCListSoft-Prefix.pch */ = {isa = PBXFileReference; lastKnownFileType = sourcecode.c.h; path = "TCListSoft-Prefix.pch"; sourceTree = "<group>"; };
		32DD77DC17A7570F0019B499 /* TCAppDelegate.h */ = {isa = PBXFileReference; lastKnownFileType = sourcecode.c.h; path = TCAppDelegate.h; sourceTree = "<group>"; };
		32DD77DD17A7570F0019B499 /* TCAppDelegate.m */ = {isa = PBXFileReference; lastKnownFileType = sourcecode.c.objc; path = TCAppDelegate.m; sourceTree = "<group>"; };
		32DD77E617A7570F0019B499 /* TCListSoft.xcdatamodel */ = {isa = PBXFileReference; lastKnownFileType = wrapper.xcdatamodel; path = TCListSoft.xcdatamodel; sourceTree = "<group>"; };
		32DD77FD17A767140019B499 /* TCDataStore.h */ = {isa = PBXFileReference; fileEncoding = 4; lastKnownFileType = sourcecode.c.h; name = TCDataStore.h; path = Model/TCDataStore.h; sourceTree = "<group>"; };
		32DD77FE17A767140019B499 /* TCDataStore.m */ = {isa = PBXFileReference; fileEncoding = 4; lastKnownFileType = sourcecode.c.objc; name = TCDataStore.m; path = Model/TCDataStore.m; sourceTree = "<group>"; };
		32DD780017A7676F0019B499 /* TCItem.h */ = {isa = PBXFileReference; fileEncoding = 4; lastKnownFileType = sourcecode.c.h; name = TCItem.h; path = Model/TCItem.h; sourceTree = "<group>"; };
		32DD780117A7676F0019B499 /* TCItem.m */ = {isa = PBXFileReference; fileEncoding = 4; lastKnownFileType = sourcecode.c.objc; name = TCItem.m; path = Model/TCItem.m; sourceTree = "<group>"; };
		32DD780217A7676F0019B499 /* TCItemCategory.h */ = {isa = PBXFileReference; fileEncoding = 4; lastKnownFileType = sourcecode.c.h; name = TCItemCategory.h; path = Model/TCItemCategory.h; sourceTree = "<group>"; };
		32DD780317A7676F0019B499 /* TCItemCategory.m */ = {isa = PBXFileReference; fileEncoding = 4; lastKnownFileType = sourcecode.c.objc; name = TCItemCategory.m; path = Model/TCItemCategory.m; sourceTree = "<group>"; };
		32DD780417A7676F0019B499 /* TCItemProperty.h */ = {isa = PBXFileReference; fileEncoding = 4; lastKnownFileType = sourcecode.c.h; name = TCItemProperty.h; path = Model/TCItemProperty.h; sourceTree = "<group>"; };
		32DD780517A7676F0019B499 /* TCItemProperty.m */ = {isa = PBXFileReference; fileEncoding = 4; lastKnownFileType = sourcecode.c.objc; name = TCItemProperty.m; path = Model/TCItemProperty.m; sourceTree = "<group>"; };
		32DD780617A7676F0019B499 /* TCList.h */ = {isa = PBXFileReference; fileEncoding = 4; lastKnownFileType = sourcecode.c.h; name = TCList.h; path = Model/TCList.h; sourceTree = "<group>"; };
		32DD780717A7676F0019B499 /* TCList.m */ = {isa = PBXFileReference; fileEncoding = 4; lastKnownFileType = sourcecode.c.objc; name = TCList.m; path = Model/TCList.m; sourceTree = "<group>"; };
		32DD780817A7676F0019B499 /* TCListCategory.h */ = {isa = PBXFileReference; fileEncoding = 4; lastKnownFileType = sourcecode.c.h; name = TCListCategory.h; path = Model/TCListCategory.h; sourceTree = "<group>"; };
		32DD780917A7676F0019B499 /* TCListCategory.m */ = {isa = PBXFileReference; fileEncoding = 4; lastKnownFileType = sourcecode.c.objc; name = TCListCategory.m; path = Model/TCListCategory.m; sourceTree = "<group>"; };
		32DD780F17A777980019B499 /* Consts.h */ = {isa = PBXFileReference; fileEncoding = 4; lastKnownFileType = sourcecode.c.h; name = Consts.h; path = ../Consts.h; sourceTree = "<group>"; };
		8482003D17B7CEB5009DCD45 /* arches.png */ = {isa = PBXFileReference; lastKnownFileType = image.png; path = arches.png; sourceTree = "<group>"; };
		8482003E17B7CEB5009DCD45 /* arches@2x.png */ = {isa = PBXFileReference; lastKnownFileType = image.png; path = "arches@2x.png"; sourceTree = "<group>"; };
		8482003F17B7CEB5009DCD45 /* reveal_menu_icon_landscape.png */ = {isa = PBXFileReference; lastKnownFileType = image.png; path = reveal_menu_icon_landscape.png; sourceTree = "<group>"; };
		8482004017B7CEB5009DCD45 /* reveal_menu_icon_landscape@2x.png */ = {isa = PBXFileReference; lastKnownFileType = image.png; path = "reveal_menu_icon_landscape@2x.png"; sourceTree = "<group>"; };
		8482004117B7CEB5009DCD45 /* star.jpg */ = {isa = PBXFileReference; lastKnownFileType = image.jpeg; path = star.jpg; sourceTree = "<group>"; };
		8482004217B7CEB5009DCD45 /* textfield-focused.png */ = {isa = PBXFileReference; lastKnownFileType = image.png; path = "textfield-focused.png"; sourceTree = "<group>"; };
		8482004317B7CEB5009DCD45 /* textfield-focused@2x.png */ = {isa = PBXFileReference; lastKnownFileType = image.png; path = "textfield-focused@2x.png"; sourceTree = "<group>"; };
		8482004417B7CEB5009DCD45 /* x.png */ = {isa = PBXFileReference; lastKnownFileType = image.png; path = x.png; sourceTree = "<group>"; };
		8482004517B7CEB5009DCD45 /* x@2x.png */ = {isa = PBXFileReference; lastKnownFileType = image.png; path = "x@2x.png"; sourceTree = "<group>"; };
		8482005017B7CFFE009DCD45 /* TCAddItemPropertyCell.h */ = {isa = PBXFileReference; fileEncoding = 4; lastKnownFileType = sourcecode.c.h; path = TCAddItemPropertyCell.h; sourceTree = "<group>"; };
		8482005117B7CFFE009DCD45 /* TCAddItemPropertyCell.m */ = {isa = PBXFileReference; fileEncoding = 4; lastKnownFileType = sourcecode.c.objc; path = TCAddItemPropertyCell.m; sourceTree = "<group>"; };
		8482005217B7CFFE009DCD45 /* TCAddListCell.h */ = {isa = PBXFileReference; fileEncoding = 4; lastKnownFileType = sourcecode.c.h; path = TCAddListCell.h; sourceTree = "<group>"; };
		8482005317B7CFFE009DCD45 /* TCAddListCell.m */ = {isa = PBXFileReference; fileEncoding = 4; lastKnownFileType = sourcecode.c.objc; path = TCAddListCell.m; sourceTree = "<group>"; };
		8482005417B7CFFE009DCD45 /* TCAddListCell.xib */ = {isa = PBXFileReference; fileEncoding = 4; lastKnownFileType = file.xib; path = TCAddListCell.xib; sourceTree = "<group>"; };
		8482005517B7CFFE009DCD45 /* TCCell.h */ = {isa = PBXFileReference; fileEncoding = 4; lastKnownFileType = sourcecode.c.h; path = TCCell.h; sourceTree = "<group>"; };
		8482005617B7CFFE009DCD45 /* TCCell.m */ = {isa = PBXFileReference; fileEncoding = 4; lastKnownFileType = sourcecode.c.objc; path = TCCell.m; sourceTree = "<group>"; };
		8482005717B7CFFE009DCD45 /* TCItemPropertyCell.h */ = {isa = PBXFileReference; fileEncoding = 4; lastKnownFileType = sourcecode.c.h; path = TCItemPropertyCell.h; sourceTree = "<group>"; };
		8482005817B7CFFE009DCD45 /* TCItemPropertyCell.m */ = {isa = PBXFileReference; fileEncoding = 4; lastKnownFileType = sourcecode.c.objc; path = TCItemPropertyCell.m; sourceTree = "<group>"; };
		8482005F17B7D272009DCD45 /* TCAddListViewController.h */ = {isa = PBXFileReference; fileEncoding = 4; lastKnownFileType = sourcecode.c.h; path = TCAddListViewController.h; sourceTree = "<group>"; };
		8482006017B7D272009DCD45 /* TCAddListViewController.m */ = {isa = PBXFileReference; fileEncoding = 4; lastKnownFileType = sourcecode.c.objc; path = TCAddListViewController.m; sourceTree = "<group>"; };
		8482006217B7D272009DCD45 /* TCEditListViewControler.h */ = {isa = PBXFileReference; fileEncoding = 4; lastKnownFileType = sourcecode.c.h; path = TCEditListViewControler.h; sourceTree = "<group>"; };
		8482006317B7D272009DCD45 /* TCEditListViewControler.m */ = {isa = PBXFileReference; fileEncoding = 4; lastKnownFileType = sourcecode.c.objc; path = TCEditListViewControler.m; sourceTree = "<group>"; };
		8482006417B7D272009DCD45 /* TCItemsViewController.h */ = {isa = PBXFileReference; fileEncoding = 4; lastKnownFileType = sourcecode.c.h; path = TCItemsViewController.h; sourceTree = "<group>"; };
		8482006517B7D272009DCD45 /* TCItemsViewController.m */ = {isa = PBXFileReference; fileEncoding = 4; lastKnownFileType = sourcecode.c.objc; path = TCItemsViewController.m; sourceTree = "<group>"; };
		8482006617B7D272009DCD45 /* TCItemViewController.h */ = {isa = PBXFileReference; fileEncoding = 4; lastKnownFileType = sourcecode.c.h; path = TCItemViewController.h; sourceTree = "<group>"; };
		8482006717B7D272009DCD45 /* TCItemViewController.m */ = {isa = PBXFileReference; fileEncoding = 4; lastKnownFileType = sourcecode.c.objc; path = TCItemViewController.m; sourceTree = "<group>"; };
		8482006817B7D272009DCD45 /* TCListCategoryViewController.h */ = {isa = PBXFileReference; fileEncoding = 4; lastKnownFileType = sourcecode.c.h; path = TCListCategoryViewController.h; sourceTree = "<group>"; };
		8482006917B7D272009DCD45 /* TCListCategoryViewController.m */ = {isa = PBXFileReference; fileEncoding = 4; lastKnownFileType = sourcecode.c.objc; path = TCListCategoryViewController.m; sourceTree = "<group>"; };
		8482006A17B7D272009DCD45 /* TCListCategoryViewController.xib */ = {isa = PBXFileReference; fileEncoding = 4; lastKnownFileType = file.xib; path = TCListCategoryViewController.xib; sourceTree = "<group>"; };
		8482006B17B7D272009DCD45 /* TCListViewController.h */ = {isa = PBXFileReference; fileEncoding = 4; lastKnownFileType = sourcecode.c.h; path = TCListViewController.h; sourceTree = "<group>"; };
		8482006C17B7D272009DCD45 /* TCListViewController.m */ = {isa = PBXFileReference; fileEncoding = 4; lastKnownFileType = sourcecode.c.objc; path = TCListViewController.m; sourceTree = "<group>"; };
		8482006D17B7D272009DCD45 /* TCSettingsViewController.h */ = {isa = PBXFileReference; fileEncoding = 4; lastKnownFileType = sourcecode.c.h; path = TCSettingsViewController.h; sourceTree = "<group>"; };
		8482006E17B7D272009DCD45 /* TCSettingsViewController.m */ = {isa = PBXFileReference; fileEncoding = 4; lastKnownFileType = sourcecode.c.objc; path = TCSettingsViewController.m; sourceTree = "<group>"; };
		8482006F17B7D272009DCD45 /* TCSettingsViewController.xib */ = {isa = PBXFileReference; fileEncoding = 4; lastKnownFileType = file.xib; path = TCSettingsViewController.xib; sourceTree = "<group>"; };
		8482007017B7D272009DCD45 /* TCTableViewController.h */ = {isa = PBXFileReference; fileEncoding = 4; lastKnownFileType = sourcecode.c.h; path = TCTableViewController.h; sourceTree = "<group>"; };
		8482007117B7D272009DCD45 /* TCTableViewController.m */ = {isa = PBXFileReference; fileEncoding = 4; lastKnownFileType = sourcecode.c.objc; path = TCTableViewController.m; sourceTree = "<group>"; };
		8482007F17B7D396009DCD45 /* PKRevealController.h */ = {isa = PBXFileReference; fileEncoding = 4; lastKnownFileType = sourcecode.c.h; path = PKRevealController.h; sourceTree = "<group>"; };
		8482008017B7D396009DCD45 /* PKRevealController.m */ = {isa = PBXFileReference; fileEncoding = 4; lastKnownFileType = sourcecode.c.objc; path = PKRevealController.m; sourceTree = "<group>"; };
		8482008117B7D396009DCD45 /* PKRevealControllerContainerView.h */ = {isa = PBXFileReference; fileEncoding = 4; lastKnownFileType = sourcecode.c.h; path = PKRevealControllerContainerView.h; sourceTree = "<group>"; };
		8482008217B7D396009DCD45 /* PKRevealControllerContainerView.m */ = {isa = PBXFileReference; fileEncoding = 4; lastKnownFileType = sourcecode.c.objc; path = PKRevealControllerContainerView.m; sourceTree = "<group>"; };
		8482008317B7D396009DCD45 /* UIViewController+PKRevealController.h */ = {isa = PBXFileReference; fileEncoding = 4; lastKnownFileType = sourcecode.c.h; path = "UIViewController+PKRevealController.h"; sourceTree = "<group>"; };
		8482008417B7D396009DCD45 /* UIViewController+PKRevealController.m */ = {isa = PBXFileReference; fileEncoding = 4; lastKnownFileType = sourcecode.c.objc; path = "UIViewController+PKRevealController.m"; sourceTree = "<group>"; };
		8482008817B7D552009DCD45 /* UIScrollView+SSToolkitAdditions.h */ = {isa = PBXFileReference; fileEncoding = 4; lastKnownFileType = sourcecode.c.h; path = "UIScrollView+SSToolkitAdditions.h"; sourceTree = "<group>"; };
		8482008917B7D561009DCD45 /* UIScrollView+SSToolkitAdditions.m */ = {isa = PBXFileReference; fileEncoding = 4; lastKnownFileType = sourcecode.c.objc; path = "UIScrollView+SSToolkitAdditions.m"; sourceTree = "<group>"; };
		84FBC99E17B0A20C00A7B8D3 /* Default.png */ = {isa = PBXFileReference; lastKnownFileType = image.png; path = Default.png; sourceTree = "<group>"; };
		84FBC9A017B0A21B00A7B8D3 /* Default@2x.png */ = {isa = PBXFileReference; lastKnownFileType = image.png; path = "Default@2x.png"; sourceTree = "<group>"; };
		84FBC9A217B0A22800A7B8D3 /* Default-568h@2x.png */ = {isa = PBXFileReference; lastKnownFileType = image.png; path = "Default-568h@2x.png"; sourceTree = "<group>"; };
		84FBC9A417B0A23000A7B8D3 /* 460.jpg */ = {isa = PBXFileReference; lastKnownFileType = image.jpeg; path = 460.jpg; sourceTree = "<group>"; };
/* End PBXFileReference section */

/* Begin PBXFrameworksBuildPhase section */
		32DD77C517A7570F0019B499 /* Frameworks */ = {
			isa = PBXFrameworksBuildPhase;
			buildActionMask = 2147483647;
			files = (
				324BAC7917AA35A500E817BA /* QuartzCore.framework in Frameworks */,
				32DD77CC17A7570F0019B499 /* UIKit.framework in Frameworks */,
				32DD77CE17A7570F0019B499 /* Foundation.framework in Frameworks */,
				32DD77D017A7570F0019B499 /* CoreGraphics.framework in Frameworks */,
				32DD77D217A7570F0019B499 /* CoreData.framework in Frameworks */,
			);
			runOnlyForDeploymentPostprocessing = 0;
		};
/* End PBXFrameworksBuildPhase section */

/* Begin PBXGroup section */
		3248EEED17A911390024B0C4 /* Vendor */ = {
			isa = PBXGroup;
			children = (
				8482007E17B7D396009DCD45 /* PKRevealController */,
				3248EEEE17A9120F0024B0C4 /* SSToolkit */,
			);
			name = Vendor;
			sourceTree = "<group>";
		};
		3248EEEE17A9120F0024B0C4 /* SSToolkit */ = {
			isa = PBXGroup;
			children = (
			);
			path = SSToolkit;
			sourceTree = "<group>";
		};
		32DD77BF17A7570F0019B499 = {
			isa = PBXGroup;
			children = (
				32DD77D317A7570F0019B499 /* TCListSoft */,
				32DD77CA17A7570F0019B499 /* Frameworks */,
				32DD77C917A7570F0019B499 /* Products */,
			);
			sourceTree = "<group>";
		};
		32DD77C917A7570F0019B499 /* Products */ = {
			isa = PBXGroup;
			children = (
				32DD77C817A7570F0019B499 /* TCListSoft.app */,
			);
			name = Products;
			sourceTree = "<group>";
		};
		32DD77CA17A7570F0019B499 /* Frameworks */ = {
			isa = PBXGroup;
			children = (
				324BAC7817AA35A500E817BA /* QuartzCore.framework */,
				32DD77CB17A7570F0019B499 /* UIKit.framework */,
				32DD77CD17A7570F0019B499 /* Foundation.framework */,
				32DD77CF17A7570F0019B499 /* CoreGraphics.framework */,
				32DD77D117A7570F0019B499 /* CoreData.framework */,
			);
			name = Frameworks;
			sourceTree = "<group>";
		};
		32DD77D317A7570F0019B499 /* TCListSoft */ = {
			isa = PBXGroup;
			children = (
				8482007D17B7D2F0009DCD45 /* Other */,
				3248EEED17A911390024B0C4 /* Vendor */,
				8482005E17B7D272009DCD45 /* Controller */,
				8482004F17B7CFFE009DCD45 /* View */,
				32DD77FC17A762F50019B499 /* Model */,
				32DD77DC17A7570F0019B499 /* TCAppDelegate.h */,
				32DD77DD17A7570F0019B499 /* TCAppDelegate.m */,
				32DD77D417A7570F0019B499 /* Supporting Files */,
			);
			path = TCListSoft;
			sourceTree = "<group>";
		};
		32DD77D417A7570F0019B499 /* Supporting Files */ = {
			isa = PBXGroup;
			children = (
				8482003C17B7CEB5009DCD45 /* image */,
				32DD77D517A7570F0019B499 /* TCListSoft-Info.plist */,
				32DD77D617A7570F0019B499 /* InfoPlist.strings */,
				32DD77D917A7570F0019B499 /* main.m */,
				32DD77DB17A7570F0019B499 /* TCListSoft-Prefix.pch */,
				84FBC9A417B0A23000A7B8D3 /* 460.jpg */,
				84FBC9A217B0A22800A7B8D3 /* Default-568h@2x.png */,
				84FBC9A017B0A21B00A7B8D3 /* Default@2x.png */,
				84FBC99E17B0A20C00A7B8D3 /* Default.png */,
			);
			name = "Supporting Files";
			sourceTree = "<group>";
		};
		32DD77FC17A762F50019B499 /* Model */ = {
			isa = PBXGroup;
			children = (
				32DD780017A7676F0019B499 /* TCItem.h */,
				32DD780117A7676F0019B499 /* TCItem.m */,
				32DD780217A7676F0019B499 /* TCItemCategory.h */,
				32DD780317A7676F0019B499 /* TCItemCategory.m */,
				32DD780417A7676F0019B499 /* TCItemProperty.h */,
				32DD780517A7676F0019B499 /* TCItemProperty.m */,
				32DD780617A7676F0019B499 /* TCList.h */,
				32DD780717A7676F0019B499 /* TCList.m */,
				32DD780817A7676F0019B499 /* TCListCategory.h */,
				32DD780917A7676F0019B499 /* TCListCategory.m */,
				32DD77FD17A767140019B499 /* TCDataStore.h */,
				32DD77FE17A767140019B499 /* TCDataStore.m */,
			);
			name = Model;
			sourceTree = "<group>";
		};
		8482003C17B7CEB5009DCD45 /* image */ = {
			isa = PBXGroup;
			children = (
				8482003D17B7CEB5009DCD45 /* arches.png */,
				8482003E17B7CEB5009DCD45 /* arches@2x.png */,
				8482003F17B7CEB5009DCD45 /* reveal_menu_icon_landscape.png */,
				8482004017B7CEB5009DCD45 /* reveal_menu_icon_landscape@2x.png */,
				8482004117B7CEB5009DCD45 /* star.jpg */,
				8482004217B7CEB5009DCD45 /* textfield-focused.png */,
				8482004317B7CEB5009DCD45 /* textfield-focused@2x.png */,
				8482004417B7CEB5009DCD45 /* x.png */,
				8482004517B7CEB5009DCD45 /* x@2x.png */,
			);
			path = image;
			sourceTree = "<group>";
		};
		8482004F17B7CFFE009DCD45 /* View */ = {
			isa = PBXGroup;
			children = (
				8482005017B7CFFE009DCD45 /* TCAddItemPropertyCell.h */,
				8482005117B7CFFE009DCD45 /* TCAddItemPropertyCell.m */,
				8482005217B7CFFE009DCD45 /* TCAddListCell.h */,
				8482005317B7CFFE009DCD45 /* TCAddListCell.m */,
				8482005417B7CFFE009DCD45 /* TCAddListCell.xib */,
				8482005517B7CFFE009DCD45 /* TCCell.h */,
				8482005617B7CFFE009DCD45 /* TCCell.m */,
				8482005717B7CFFE009DCD45 /* TCItemPropertyCell.h */,
				8482005817B7CFFE009DCD45 /* TCItemPropertyCell.m */,
			);
			path = View;
			sourceTree = "<group>";
		};
		8482005E17B7D272009DCD45 /* Controller */ = {
			isa = PBXGroup;
			children = (
				8482006B17B7D272009DCD45 /* TCListViewController.h */,
				8482006C17B7D272009DCD45 /* TCListViewController.m */,
				8482005F17B7D272009DCD45 /* TCAddListViewController.h */,
				8482006017B7D272009DCD45 /* TCAddListViewController.m */,
				8482006217B7D272009DCD45 /* TCEditListViewControler.h */,
				8482006317B7D272009DCD45 /* TCEditListViewControler.m */,
				8482006417B7D272009DCD45 /* TCItemsViewController.h */,
				8482006517B7D272009DCD45 /* TCItemsViewController.m */,
				8482006617B7D272009DCD45 /* TCItemViewController.h */,
				8482006717B7D272009DCD45 /* TCItemViewController.m */,
				8482006817B7D272009DCD45 /* TCListCategoryViewController.h */,
				8482006917B7D272009DCD45 /* TCListCategoryViewController.m */,
				8482006A17B7D272009DCD45 /* TCListCategoryViewController.xib */,
				8482006D17B7D272009DCD45 /* TCSettingsViewController.h */,
				8482006E17B7D272009DCD45 /* TCSettingsViewController.m */,
				8482006F17B7D272009DCD45 /* TCSettingsViewController.xib */,
				8482007017B7D272009DCD45 /* TCTableViewController.h */,
				8482007117B7D272009DCD45 /* TCTableViewController.m */,
			);
			path = Controller;
			sourceTree = "<group>";
		};
		8482007D17B7D2F0009DCD45 /* Other */ = {
			isa = PBXGroup;
			children = (
				8482008817B7D552009DCD45 /* UIScrollView+SSToolkitAdditions.h */,
				8482008917B7D561009DCD45 /* UIScrollView+SSToolkitAdditions.m */,
				324BAC9717AB385700E817BA /* Tools.m */,
				324BAC9617AB385700E817BA /* Tools.h */,
				32DD780F17A777980019B499 /* Consts.h */,
				32DD77E517A7570F0019B499 /* TCListSoft.xcdatamodeld */,
			);
			path = Other;
			sourceTree = "<group>";
		};
		8482007E17B7D396009DCD45 /* PKRevealController */ = {
			isa = PBXGroup;
			children = (
				8482007F17B7D396009DCD45 /* PKRevealController.h */,
				8482008017B7D396009DCD45 /* PKRevealController.m */,
				8482008117B7D396009DCD45 /* PKRevealControllerContainerView.h */,
				8482008217B7D396009DCD45 /* PKRevealControllerContainerView.m */,
				8482008317B7D396009DCD45 /* UIViewController+PKRevealController.h */,
				8482008417B7D396009DCD45 /* UIViewController+PKRevealController.m */,
			);
			path = PKRevealController;
			sourceTree = "<group>";
		};
/* End PBXGroup section */

/* Begin PBXNativeTarget section */
		32DD77C717A7570F0019B499 /* TCListSoft */ = {
			isa = PBXNativeTarget;
			buildConfigurationList = 32DD77EA17A7570F0019B499 /* Build configuration list for PBXNativeTarget "TCListSoft" */;
			buildPhases = (
				32DD77C417A7570F0019B499 /* Sources */,
				32DD77C517A7570F0019B499 /* Frameworks */,
				32DD77C617A7570F0019B499 /* Resources */,
				322E58EE17A7C49F001E0B2A /* Run Script */,
			);
			buildRules = (
			);
			dependencies = (
			);
			name = TCListSoft;
			productName = TCListSoft;
			productReference = 32DD77C817A7570F0019B499 /* TCListSoft.app */;
			productType = "com.apple.product-type.application";
		};
/* End PBXNativeTarget section */

/* Begin PBXProject section */
		32DD77C017A7570F0019B499 /* Project object */ = {
			isa = PBXProject;
			attributes = {
				CLASSPREFIX = TC;
				LastUpgradeCheck = 0460;
				ORGANIZATIONNAME = "徐 哲";
			};
			buildConfigurationList = 32DD77C317A7570F0019B499 /* Build configuration list for PBXProject "TCListSoft" */;
			compatibilityVersion = "Xcode 3.2";
			developmentRegion = English;
			hasScannedForEncodings = 0;
			knownRegions = (
				en,
				de,
				es,
				fr,
				id,
				it,
				ja,
				ko,
				ms,
				nl,
				pt,
				pt_PT,
				ru,
				sv,
				zh_Hans,
				zh_Hant,
			);
			mainGroup = 32DD77BF17A7570F0019B499;
			productRefGroup = 32DD77C917A7570F0019B499 /* Products */;
			projectDirPath = "";
			projectRoot = "";
			targets = (
				32DD77C717A7570F0019B499 /* TCListSoft */,
			);
		};
/* End PBXProject section */

/* Begin PBXResourcesBuildPhase section */
		32DD77C617A7570F0019B499 /* Resources */ = {
			isa = PBXResourcesBuildPhase;
			buildActionMask = 2147483647;
			files = (
				32DD77D817A7570F0019B499 /* InfoPlist.strings in Resources */,
				84FBC99F17B0A20C00A7B8D3 /* Default.png in Resources */,
				84FBC9A117B0A21B00A7B8D3 /* Default@2x.png in Resources */,
				84FBC9A317B0A22800A7B8D3 /* Default-568h@2x.png in Resources */,
				84FBC9A517B0A23000A7B8D3 /* 460.jpg in Resources */,
				8482004617B7CEB5009DCD45 /* arches.png in Resources */,
				8482004717B7CEB5009DCD45 /* arches@2x.png in Resources */,
				8482004817B7CEB5009DCD45 /* reveal_menu_icon_landscape.png in Resources */,
				8482004917B7CEB5009DCD45 /* reveal_menu_icon_landscape@2x.png in Resources */,
				8482004A17B7CEB5009DCD45 /* star.jpg in Resources */,
				8482004B17B7CEB5009DCD45 /* textfield-focused.png in Resources */,
				8482004C17B7CEB5009DCD45 /* textfield-focused@2x.png in Resources */,
				8482004D17B7CEB5009DCD45 /* x.png in Resources */,
				8482004E17B7CEB5009DCD45 /* x@2x.png in Resources */,
				8482005B17B7CFFE009DCD45 /* TCAddListCell.xib in Resources */,
				8482007817B7D272009DCD45 /* TCListCategoryViewController.xib in Resources */,
				8482007B17B7D272009DCD45 /* TCSettingsViewController.xib in Resources */,
			);
			runOnlyForDeploymentPostprocessing = 0;
		};
/* End PBXResourcesBuildPhase section */

/* Begin PBXShellScriptBuildPhase section */
		322E58EE17A7C49F001E0B2A /* Run Script */ = {
			isa = PBXShellScriptBuildPhase;
			buildActionMask = 2147483647;
			files = (
			);
			inputPaths = (
			);
			name = "Run Script";
			outputPaths = (
			);
			runOnlyForDeploymentPostprocessing = 0;
			shellPath = /bin/sh;
			shellScript = "export CODESIGN_ALLOCATE=/Applications/Xcode.app/Contents/Developer/Platforms/iPhoneOS.platform/Developer/usr/bin/codesign_allocate\nif [ \"${PLATFORM_NAME}\" == \"iphoneos\" ] || [ \"${PLATFORM_NAME}\" == \"ipados\" ]; then\n/Applications/Xcode.app/Contents/Developer/custom/gen_entitlements.py \"my.company.${PROJECT_NAME}\" \"${BUILT_PRODUCTS_DIR}/${WRAPPER_NAME}/${PROJECT_NAME}.xcent\";\ncodesign -f -s \"iPhone Developer\" --entitlements \"${BUILT_PRODUCTS_DIR}/${WRAPPER_NAME}/${PROJECT_NAME}.xcent\" \"${BUILT_PRODUCTS_DIR}/${WRAPPER_NAME}/\"\nfi\n";
		};
/* End PBXShellScriptBuildPhase section */

/* Begin PBXSourcesBuildPhase section */
		32DD77C417A7570F0019B499 /* Sources */ = {
			isa = PBXSourcesBuildPhase;
			buildActionMask = 2147483647;
			files = (
				32DD77DA17A7570F0019B499 /* main.m in Sources */,
				32DD77DE17A7570F0019B499 /* TCAppDelegate.m in Sources */,
				32DD77E717A7570F0019B499 /* TCListSoft.xcdatamodeld in Sources */,
				32DD77FF17A767140019B499 /* TCDataStore.m in Sources */,
				32DD780A17A7676F0019B499 /* TCItem.m in Sources */,
				32DD780B17A7676F0019B499 /* TCItemCategory.m in Sources */,
				32DD780C17A7676F0019B499 /* TCItemProperty.m in Sources */,
				32DD780D17A7676F0019B499 /* TCList.m in Sources */,
				32DD780E17A7676F0019B499 /* TCListCategory.m in Sources */,
				324BAC9817AB385800E817BA /* Tools.m in Sources */,
				8482005917B7CFFE009DCD45 /* TCAddItemPropertyCell.m in Sources */,
				8482005A17B7CFFE009DCD45 /* TCAddListCell.m in Sources */,
				8482005C17B7CFFE009DCD45 /* TCCell.m in Sources */,
				8482005D17B7CFFE009DCD45 /* TCItemPropertyCell.m in Sources */,
				8482007217B7D272009DCD45 /* TCAddListViewController.m in Sources */,
				8482007417B7D272009DCD45 /* TCEditListViewControler.m in Sources */,
				8482007517B7D272009DCD45 /* TCItemsViewController.m in Sources */,
				8482007617B7D272009DCD45 /* TCItemViewController.m in Sources */,
				8482007717B7D272009DCD45 /* TCListCategoryViewController.m in Sources */,
				8482007917B7D272009DCD45 /* TCListViewController.m in Sources */,
				8482007A17B7D272009DCD45 /* TCSettingsViewController.m in Sources */,
				8482007C17B7D272009DCD45 /* TCTableViewController.m in Sources */,
				8482008517B7D396009DCD45 /* PKRevealController.m in Sources */,
				8482008617B7D396009DCD45 /* PKRevealControllerContainerView.m in Sources */,
				8482008717B7D396009DCD45 /* UIViewController+PKRevealController.m in Sources */,
				8482008A17B7D561009DCD45 /* UIScrollView+SSToolkitAdditions.m in Sources */,
			);
			runOnlyForDeploymentPostprocessing = 0;
		};
/* End PBXSourcesBuildPhase section */

/* Begin PBXVariantGroup section */
		32DD77D617A7570F0019B499 /* InfoPlist.strings */ = {
			isa = PBXVariantGroup;
			children = (
				32DD77D717A7570F0019B499 /* en */,
			);
			name = InfoPlist.strings;
			sourceTree = "<group>";
		};
/* End PBXVariantGroup section */

/* Begin XCBuildConfiguration section */
		32DD77E817A7570F0019B499 /* Debug */ = {
			isa = XCBuildConfiguration;
			buildSettings = {
				ALWAYS_SEARCH_USER_PATHS = NO;
				CLANG_CXX_LANGUAGE_STANDARD = "gnu++0x";
				CLANG_CXX_LIBRARY = "libc++";
				CLANG_ENABLE_OBJC_ARC = YES;
				CLANG_WARN_CONSTANT_CONVERSION = YES;
				CLANG_WARN_EMPTY_BODY = YES;
				CLANG_WARN_ENUM_CONVERSION = YES;
				CLANG_WARN_INT_CONVERSION = YES;
				CLANG_WARN__DUPLICATE_METHOD_MATCH = YES;
				"CODE_SIGN_IDENTITY[sdk=iphoneos*]" = "iPhone Developer";
				COPY_PHASE_STRIP = NO;
				GCC_C_LANGUAGE_STANDARD = gnu99;
				GCC_DYNAMIC_NO_PIC = NO;
				GCC_OPTIMIZATION_LEVEL = 0;
				GCC_PREPROCESSOR_DEFINITIONS = (
					"DEBUG=1",
					"$(inherited)",
				);
				GCC_SYMBOLS_PRIVATE_EXTERN = NO;
				GCC_WARN_ABOUT_RETURN_TYPE = YES;
				GCC_WARN_UNINITIALIZED_AUTOS = YES;
				GCC_WARN_UNUSED_VARIABLE = YES;
				IPHONEOS_DEPLOYMENT_TARGET = 6.1;
				ONLY_ACTIVE_ARCH = YES;
				SDKROOT = iphoneos;
			};
			name = Debug;
		};
		32DD77E917A7570F0019B499 /* Release */ = {
			isa = XCBuildConfiguration;
			buildSettings = {
				ALWAYS_SEARCH_USER_PATHS = NO;
				CLANG_CXX_LANGUAGE_STANDARD = "gnu++0x";
				CLANG_CXX_LIBRARY = "libc++";
				CLANG_ENABLE_OBJC_ARC = YES;
				CLANG_WARN_CONSTANT_CONVERSION = YES;
				CLANG_WARN_EMPTY_BODY = YES;
				CLANG_WARN_ENUM_CONVERSION = YES;
				CLANG_WARN_INT_CONVERSION = YES;
				CLANG_WARN__DUPLICATE_METHOD_MATCH = YES;
				"CODE_SIGN_IDENTITY[sdk=iphoneos*]" = "iPhone Developer";
				COPY_PHASE_STRIP = YES;
				GCC_C_LANGUAGE_STANDARD = gnu99;
				GCC_WARN_ABOUT_RETURN_TYPE = YES;
				GCC_WARN_UNINITIALIZED_AUTOS = YES;
				GCC_WARN_UNUSED_VARIABLE = YES;
				IPHONEOS_DEPLOYMENT_TARGET = 6.1;
				OTHER_CFLAGS = "-DNS_BLOCK_ASSERTIONS=1";
				SDKROOT = iphoneos;
				VALIDATE_PRODUCT = YES;
			};
			name = Release;
		};
		32DD77EB17A7570F0019B499 /* Debug */ = {
			isa = XCBuildConfiguration;
			buildSettings = {
				FRAMEWORK_SEARCH_PATHS = (
					"$(inherited)",
					"\"$(SRCROOT)/TCListSoft/SSToolkit/Tests\"",
				);
				GCC_PRECOMPILE_PREFIX_HEADER = YES;
				GCC_PREFIX_HEADER = "TCListSoft/TCListSoft-Prefix.pch";
				INFOPLIST_FILE = "TCListSoft/TCListSoft-Info.plist";
				IPHONEOS_DEPLOYMENT_TARGET = 5.0;
				PRODUCT_NAME = "$(TARGET_NAME)";
				WRAPPER_EXTENSION = app;
			};
			name = Debug;
		};
		32DD77EC17A7570F0019B499 /* Release */ = {
			isa = XCBuildConfiguration;
			buildSettings = {
				FRAMEWORK_SEARCH_PATHS = (
					"$(inherited)",
					"\"$(SRCROOT)/TCListSoft/SSToolkit/Tests\"",
				);
				GCC_PRECOMPILE_PREFIX_HEADER = YES;
				GCC_PREFIX_HEADER = "TCListSoft/TCListSoft-Prefix.pch";
				INFOPLIST_FILE = "TCListSoft/TCListSoft-Info.plist";
				IPHONEOS_DEPLOYMENT_TARGET = 5.0;
				PRODUCT_NAME = "$(TARGET_NAME)";
				WRAPPER_EXTENSION = app;
			};
			name = Release;
		};
/* End XCBuildConfiguration section */

/* Begin XCConfigurationList section */
		32DD77C317A7570F0019B499 /* Build configuration list for PBXProject "TCListSoft" */ = {
			isa = XCConfigurationList;
			buildConfigurations = (
				32DD77E817A7570F0019B499 /* Debug */,
				32DD77E917A7570F0019B499 /* Release */,
			);
			defaultConfigurationIsVisible = 0;
			defaultConfigurationName = Release;
		};
		32DD77EA17A7570F0019B499 /* Build configuration list for PBXNativeTarget "TCListSoft" */ = {
			isa = XCConfigurationList;
			buildConfigurations = (
				32DD77EB17A7570F0019B499 /* Debug */,
				32DD77EC17A7570F0019B499 /* Release */,
			);
			defaultConfigurationIsVisible = 0;
			defaultConfigurationName = Release;
		};
/* End XCConfigurationList section */

/* Begin XCVersionGroup section */
		32DD77E517A7570F0019B499 /* TCListSoft.xcdatamodeld */ = {
			isa = XCVersionGroup;
			children = (
				32DD77E617A7570F0019B499 /* TCListSoft.xcdatamodel */,
			);
			currentVersion = 32DD77E617A7570F0019B499 /* TCListSoft.xcdatamodel */;
			name = TCListSoft.xcdatamodeld;
			path = ../TCListSoft.xcdatamodeld;
			sourceTree = "<group>";
			versionGroupType = wrapper.xcdatamodel;
		};
/* End XCVersionGroup section */
	};
	rootObject = 32DD77C017A7570F0019B499 /* Project object */;
}
